
Microsoft Visual Studio Solution File, Format Version 12.00
# Visual Studio Version 17
VisualStudioVersion = 17.12.35527.113
MinimumVisualStudioVersion = 10.0.40219.1
Project("{9A19103F-16F7-4668-BE54-9A1E7A4F7556}") = "Engage360plus", "Engage360plus\Engage360plus.csproj", "{9589E62E-DFAC-4C34-97EA-7BA027F84464}"
EndProject
Project("{FAE04EC0-301F-11D3-BF4B-00C04F79EFBC}") = "Engage360plusUI", "Engage360plusClient\Engage360plusUI.csproj", "{8A421E67-295F-4F4E-8191-184E24BD8691}"
EndProject
Global
	GlobalSection(SolutionConfigurationPlatforms) = preSolution
		Debug|Any CPU = Debug|Any CPU
		Release|Any CPU = Release|Any CPU
	EndGlobalSection
	GlobalSection(ProjectConfigurationPlatforms) = postSolution
		{9589E62E-DFAC-4C34-97EA-7BA027F84464}.Debug|Any CPU.ActiveCfg = Debug|Any CPU
		{9589E62E-DFAC-4C34-97EA-7BA027F84464}.Debug|Any CPU.Build.0 = Debug|Any CPU
		{9589E62E-DFAC-4C34-97EA-7BA027F84464}.Release|Any CPU.ActiveCfg = Release|Any CPU
		{9589E62E-DFAC-4C34-97EA-7BA027F84464}.Release|Any CPU.Build.0 = Release|Any CPU
		{8A421E67-295F-4F4E-8191-184E24BD8691}.Debug|Any CPU.ActiveCfg = Debug|Any CPU
		{8A421E67-295F-4F4E-8191-184E24BD8691}.Debug|Any CPU.Build.0 = Debug|Any CPU
		{8A421E67-295F-4F4E-8191-184E24BD8691}.Release|Any CPU.ActiveCfg = Release|Any CPU
		{8A421E67-295F-4F4E-8191-184E24BD8691}.Release|Any CPU.Build.0 = Release|Any CPU
	EndGlobalSection
	GlobalSection(SolutionProperties) = preSolution
		HideSolutionNode = FALSE
	EndGlobalSection
	GlobalSection(ExtensibilityGlobals) = postSolution
		SolutionGuid = {B73A3106-D4EA-431B-B5D1-D939A263DC94}
	EndGlobalSection
EndGlobal
